# This file is generated by running "yarn install" inside your project.
# Manual changes might be lost - proceed with caution!

__metadata:
  version: 5
  cacheKey: 8

"@types/node@npm:*, @types/node@npm:^16.7.9":
  version: 16.7.9
  resolution: "@types/node@npm:16.7.9"
  checksum: dd8970adbb82a188c4b253df8303b9e4e5e3423ff8c35243b240bb448b056a2723f58fe17228e4bcb1b1f98b3f37108c0bdfda7efd88ed839e098502cf73992f
  languageName: node
  linkType: hard

"@types/validator@npm:^13.6.3":
  version: 13.6.3
  resolution: "@types/validator@npm:13.6.3"
  checksum: b06b684d4d1ff4b59449a974cb8cdd96ccde4660958e541acf66711c8f60026912202e4d924ccd2016ec8bdd4e1f71e8122e5c568deefcdecffc04a73acff460
  languageName: node
  linkType: hard

"any-promise@npm:^1.3.0":
  version: 1.3.0
  resolution: "any-promise@npm:1.3.0"
  checksum: 0ee8a9bdbe882c90464d75d1f55cf027f5458650c4bd1f0467e65aec38ccccda07ca5844969ee77ed46d04e7dded3eaceb027e8d32f385688523fe305fa7e1de
  languageName: node
  linkType: hard

"balanced-match@npm:^1.0.0":
  version: 1.0.2
  resolution: "balanced-match@npm:1.0.2"
  checksum: 9706c088a283058a8a99e0bf91b0a2f75497f185980d9ffa8b304de1d9e58ebda7c72c07ebf01dadedaac5b2907b2c6f566f660d62bd336c3468e960403b9d65
  languageName: node
  linkType: hard

"brace-expansion@npm:^1.1.7":
  version: 1.1.11
  resolution: "brace-expansion@npm:1.1.11"
  dependencies:
    balanced-match: ^1.0.0
    concat-map: 0.0.1
  checksum: faf34a7bb0c3fcf4b59c7808bc5d2a96a40988addf2e7e09dfbb67a2251800e0d14cd2bfc1aa79174f2f5095c54ff27f46fb1289fe2d77dac755b5eb3434cc07
  languageName: node
  linkType: hard

"concat-map@npm:0.0.1":
  version: 0.0.1
  resolution: "concat-map@npm:0.0.1"
  checksum: 902a9f5d8967a3e2faf138d5cb784b9979bad2e6db5357c5b21c568df4ebe62bcb15108af1b2253744844eb964fc023fbd9afbbbb6ddd0bcc204c6fb5b7bf3af
  languageName: node
  linkType: hard

"debug@npm:^4.1.1":
  version: 4.3.2
  resolution: "debug@npm:4.3.2"
  dependencies:
    ms: 2.1.2
  peerDependenciesMeta:
    supports-color:
      optional: true
  checksum: 820ea160e267e23c953c9ed87e7ad93494d8cda2f7349af5e7e3bb236d23707ee3022f477d5a7d2ee86ef2bf7d60aa9ab22d1f58080d7deb9dccd073585e1e43
  languageName: node
  linkType: hard

"dottie@npm:^2.0.0":
  version: 2.0.2
  resolution: "dottie@npm:2.0.2"
  checksum: 046a5818033725a5a12b60270473cd9a19b0e88bd007a0c9a66be36983e53626de949aee9d0290fbfe0275aa31837491adbbbb8bf74ef09f78d21598793d6268
  languageName: node
  linkType: hard

"fs.realpath@npm:^1.0.0":
  version: 1.0.0
  resolution: "fs.realpath@npm:1.0.0"
  checksum: 99ddea01a7e75aa276c250a04eedeffe5662bce66c65c07164ad6264f9de18fb21be9433ead460e54cff20e31721c811f4fb5d70591799df5f85dce6d6746fd0
  languageName: node
  linkType: hard

"glob@npm:7.1.6":
  version: 7.1.6
  resolution: "glob@npm:7.1.6"
  dependencies:
    fs.realpath: ^1.0.0
    inflight: ^1.0.4
    inherits: 2
    minimatch: ^3.0.4
    once: ^1.3.0
    path-is-absolute: ^1.0.0
  checksum: 351d549dd90553b87c2d3f90ce11aed9e1093c74130440e7ae0592e11bbcd2ce7f0ebb8ba6bfe63aaf9b62166a7f4c80cb84490ae5d78408bb2572bf7d4ee0a6
  languageName: node
  linkType: hard

"inflection@npm:1.12.0":
  version: 1.12.0
  resolution: "inflection@npm:1.12.0"
  checksum: c640917b7c1ef2151df8eed5e7bc1ea6f6dd7b924e86f1add0bf801db55be8b581eb2d3d767a29e439153e4c06b00679a45853ac58c498ea519c4b4bdcd2a775
  languageName: node
  linkType: hard

"inflight@npm:^1.0.4":
  version: 1.0.6
  resolution: "inflight@npm:1.0.6"
  dependencies:
    once: ^1.3.0
    wrappy: 1
  checksum: f4f76aa072ce19fae87ce1ef7d221e709afb59d445e05d47fba710e85470923a75de35bfae47da6de1b18afc3ce83d70facf44cfb0aff89f0a3f45c0a0244dfd
  languageName: node
  linkType: hard

"inherits@npm:2":
  version: 2.0.4
  resolution: "inherits@npm:2.0.4"
  checksum: 4a48a733847879d6cf6691860a6b1e3f0f4754176e4d71494c41f3475553768b10f84b5ce1d40fbd0e34e6bfbb864ee35858ad4dd2cf31e02fc4a154b724d7f1
  languageName: node
  linkType: hard

"lodash@npm:^4.17.20":
  version: 4.17.21
  resolution: "lodash@npm:4.17.21"
  checksum: eb835a2e51d381e561e508ce932ea50a8e5a68f4ebdd771ea240d3048244a8d13658acbd502cd4829768c56f2e16bdd4340b9ea141297d472517b83868e677f7
  languageName: node
  linkType: hard

"lru-cache@npm:^6.0.0":
  version: 6.0.0
  resolution: "lru-cache@npm:6.0.0"
  dependencies:
    yallist: ^4.0.0
  checksum: f97f499f898f23e4585742138a22f22526254fdba6d75d41a1c2526b3b6cc5747ef59c5612ba7375f42aca4f8461950e925ba08c991ead0651b4918b7c978297
  languageName: node
  linkType: hard

"minimatch@npm:^3.0.4":
  version: 3.0.4
  resolution: "minimatch@npm:3.0.4"
  dependencies:
    brace-expansion: ^1.1.7
  checksum: 66ac295f8a7b59788000ea3749938b0970344c841750abd96694f80269b926ebcafad3deeb3f1da2522978b119e6ae3a5869b63b13a7859a456b3408bd18a078
  languageName: node
  linkType: hard

"moment-timezone@npm:^0.5.31":
  version: 0.5.33
  resolution: "moment-timezone@npm:0.5.33"
  dependencies:
    moment: ">= 2.9.0"
  checksum: dea6043b4a21aedf2e64d545cdfc795a11e0739edb06f4eb10570503118cb1fe4ab57e012a5f3594bd1cdd2a3c617f42836fb6e4faff33eb25a1fe3cc239c9bf
  languageName: node
  linkType: hard

"moment@npm:>= 2.9.0, moment@npm:^2.26.0":
  version: 2.29.1
  resolution: "moment@npm:2.29.1"
  checksum: 1e14d5f422a2687996be11dd2d50c8de3bd577c4a4ca79ba5d02c397242a933e5b941655de6c8cb90ac18f01cc4127e55b4a12ae3c527a6c0a274e455979345e
  languageName: node
  linkType: hard

"ms@npm:2.1.2":
  version: 2.1.2
  resolution: "ms@npm:2.1.2"
  checksum: 673cdb2c3133eb050c745908d8ce632ed2c02d85640e2edb3ace856a2266a813b30c613569bf3354fdf4ea7d1a1494add3bfa95e2713baa27d0c2c71fc44f58f
  languageName: node
  linkType: hard

"neverthrow@npm:^4.2.2":
  version: 4.2.2
  resolution: "neverthrow@npm:4.2.2"
  checksum: b9d8d27a29fe00dd353281be6e6394b3876e39a6a8affdc207bbf916184014fdfbccd80dfe7b9a38072e712a08a1e14c743cc4a2840fcc6cecbf2100f5a93278
  languageName: node
  linkType: hard

"once@npm:^1.3.0":
  version: 1.4.0
  resolution: "once@npm:1.4.0"
  dependencies:
    wrappy: 1
  checksum: cd0a88501333edd640d95f0d2700fbde6bff20b3d4d9bdc521bdd31af0656b5706570d6c6afe532045a20bb8dc0849f8332d6f2a416e0ba6d3d3b98806c7db68
  languageName: node
  linkType: hard

"path-is-absolute@npm:^1.0.0":
  version: 1.0.1
  resolution: "path-is-absolute@npm:1.0.1"
  checksum: 060840f92cf8effa293bcc1bea81281bd7d363731d214cbe5c227df207c34cd727430f70c6037b5159c8a870b9157cba65e775446b0ab06fd5ecc7e54615a3b8
  languageName: node
  linkType: hard

"pizzi-db@workspace:.":
  version: 0.0.0-use.local
  resolution: "pizzi-db@workspace:."
  dependencies:
    "@types/node": ^16.7.9
    "@types/validator": ^13.6.3
    neverthrow: ^4.2.2
    prettier: ^2.3.2
    reflect-metadata: ^0.1.13
    sequelize: =6.6.2
    sequelize-typescript: ^2.1.0
    tsc: ^2.0.3
    typescript: ^4.4.2
  languageName: unknown
  linkType: soft

"prettier@npm:^2.3.2":
  version: 2.3.2
  resolution: "prettier@npm:2.3.2"
  bin:
    prettier: bin-prettier.js
  checksum: 17ce5784ac67621c292df58e2da60b2ee150c2d6aebea22a6ad9e52fcd6a5e66c349d0a8436ea3bd8ff9d778920a5f68000d7625b74f43558718a49755aa5259
  languageName: node
  linkType: hard

"reflect-metadata@npm:^0.1.13":
  version: 0.1.13
  resolution: "reflect-metadata@npm:0.1.13"
  checksum: 798d379a7b6f6455501145419505c97dd11cbc23857a386add2b9ef15963ccf15a48d9d15507afe01d4cd74116df8a213247200bac00320bd7c11ddeaa5e8fb4
  languageName: node
  linkType: hard

"retry-as-promised@npm:^3.2.0":
  version: 3.2.0
  resolution: "retry-as-promised@npm:3.2.0"
  dependencies:
    any-promise: ^1.3.0
  checksum: 282aa6fc2896e31d4ec7253ac1d0f1d6a67bf40b699d8f5d7d4b27707c1901272866d981480cd9730ad27583341052632207371a3cde23b6324525389316855e
  languageName: node
  linkType: hard

"semver@npm:^7.3.2":
  version: 7.3.5
  resolution: "semver@npm:7.3.5"
  dependencies:
    lru-cache: ^6.0.0
  bin:
    semver: bin/semver.js
  checksum: 5eafe6102bea2a7439897c1856362e31cc348ccf96efd455c8b5bc2c61e6f7e7b8250dc26b8828c1d76a56f818a7ee907a36ae9fb37a599d3d24609207001d60
  languageName: node
  linkType: hard

"sequelize-pool@npm:^6.0.0":
  version: 6.1.0
  resolution: "sequelize-pool@npm:6.1.0"
  checksum: a6e3311c8b37927fcc9e5491844e430f061f5b9f04a598f0778ae38cbe61f59ae4643283d877ab8d3e86e34a8aa75c6bd4f4a4aa774b47e1b4a643f6bfb3795a
  languageName: node
  linkType: hard

"sequelize-typescript@npm:^2.1.0":
  version: 2.1.0
  resolution: "sequelize-typescript@npm:2.1.0"
  dependencies:
    glob: 7.1.6
  peerDependencies:
    "@types/node": "*"
    "@types/validator": "*"
    reflect-metadata: "*"
    sequelize: ">=6.2.0"
  checksum: e2374c56ca69d6c3bf44edab49b6fa23c5e1ca5497286533e2805453b12852b44b920200988cb23809574918a771b567dd3ec307326b5bf53e1c03eab5d3c81e
  languageName: node
  linkType: hard

"sequelize@npm:=6.6.2":
  version: 6.6.2
  resolution: "sequelize@npm:6.6.2"
  dependencies:
    debug: ^4.1.1
    dottie: ^2.0.0
    inflection: 1.12.0
    lodash: ^4.17.20
    moment: ^2.26.0
    moment-timezone: ^0.5.31
    retry-as-promised: ^3.2.0
    semver: ^7.3.2
    sequelize-pool: ^6.0.0
    toposort-class: ^1.0.1
    uuid: ^8.1.0
    validator: ^10.11.0
    wkx: ^0.5.0
  peerDependenciesMeta:
    mariadb:
      optional: true
    mysql2:
      optional: true
    pg:
      optional: true
    pg-hstore:
      optional: true
    sqlite3:
      optional: true
    tedious:
      optional: true
  checksum: 28bcc9bb18a1d9fe39e989b07719c6948902e55fe50c788f9e6f30c467d98396c805763bb7f63de562f25d17931e1a837639449237df81d28f4f8c3f266a3f99
  languageName: node
  linkType: hard

"toposort-class@npm:^1.0.1":
  version: 1.0.1
  resolution: "toposort-class@npm:1.0.1"
  checksum: c5e3229d4899b23350b09ed26cfb7a28aadd0889550625f1bcadc0da266cdf2790fb0ccc3e92be93ba6ad64f57bc2fd1ab94446cb4ae83054dab263753157f5f
  languageName: node
  linkType: hard

"tsc@npm:^2.0.3":
  version: 2.0.3
  resolution: "tsc@npm:2.0.3"
  bin:
    tsc: bin/tsc
  checksum: 959c0227323a35982d7180a49f67902bbce9a243c160ece1bd5002c9d67efe22037ca9808cf41f360a5db6e9699f947ba980b367ddbb6ee69e4988dc878d60b2
  languageName: node
  linkType: hard

"typescript@npm:^4.4.2":
  version: 4.4.2
  resolution: "typescript@npm:4.4.2"
  bin:
    tsc: bin/tsc
    tsserver: bin/tsserver
  checksum: 194e08e9d1971d667d6fd1a0554616b7022312a2319d70e81a64e502a265992061ee7817ed9a69b52bbabe7a9b85e7938cb8c11c433e40a516b277f8c4dacd51
  languageName: node
  linkType: hard

"typescript@patch:typescript@^4.4.2#~builtin<compat/typescript>":
  version: 4.4.2
  resolution: "typescript@patch:typescript@npm%3A4.4.2#~builtin<compat/typescript>::version=4.4.2&hash=493e53"
  bin:
    tsc: bin/tsc
    tsserver: bin/tsserver
  checksum: 1f30617046271a94d6821fe9da9c4705111e0a2f5479269c82f65aa76b2421ff90def8838dd35b1aa464d015248b06c89ff867bd282f4822b5ee18b7f92f95ee
  languageName: node
  linkType: hard

"uuid@npm:^8.1.0":
  version: 8.3.2
  resolution: "uuid@npm:8.3.2"
  bin:
    uuid: dist/bin/uuid
  checksum: 5575a8a75c13120e2f10e6ddc801b2c7ed7d8f3c8ac22c7ed0c7b2ba6383ec0abda88c905085d630e251719e0777045ae3236f04c812184b7c765f63a70e58df
  languageName: node
  linkType: hard

"validator@npm:^10.11.0":
  version: 10.11.0
  resolution: "validator@npm:10.11.0"
  checksum: b945e5712af888fc5c984312cf9a7736d16a03f989556291d7984e5747efaaee6cdff671f6b0ef2630a6e2866a2728ab0f341877b878a9ffb8ad770dfcad7170
  languageName: node
  linkType: hard

"wkx@npm:^0.5.0":
  version: 0.5.0
  resolution: "wkx@npm:0.5.0"
  dependencies:
    "@types/node": "*"
  checksum: 47b27387de81fbd077528c1c11be996bf5a6dbeb94858ea0e2fa6619c2af626aa2f127f6fee1b4b57057a7cbef8a810b39a67815f2eb54ed33b1790e29db86ee
  languageName: node
  linkType: hard

"wrappy@npm:1":
  version: 1.0.2
  resolution: "wrappy@npm:1.0.2"
  checksum: 159da4805f7e84a3d003d8841557196034155008f817172d4e986bd591f74aa82aa7db55929a54222309e01079a65a92a9e6414da5a6aa4b01ee44a511ac3ee5
  languageName: node
  linkType: hard

"yallist@npm:^4.0.0":
  version: 4.0.0
  resolution: "yallist@npm:4.0.0"
  checksum: 343617202af32df2a15a3be36a5a8c0c8545208f3d3dfbc6bb7c3e3b7e8c6f8e7485432e4f3b88da3031a6e20afa7c711eded32ddfb122896ac5d914e75848d5
  languageName: node
  linkType: hard
